// !$*UTF8*$!
{
	archiveVersion = 1;
	classes = {
	};
	objectVersion = 51;
	objects = {

/* Begin PBXBuildFile section */
		7F6FC52F1898D774061BF099 /* Pods_WeatherApp.framework in Frameworks */ = {isa = PBXBuildFile; fileRef = C6E1D5A0981BE3A2D6AE1156 /* Pods_WeatherApp.framework */; };
		C229F133272BA17A005C2C0E /* CurrentWeather.swift in Sources */ = {isa = PBXBuildFile; fileRef = C229F132272BA17A005C2C0E /* CurrentWeather.swift */; };
		C229F137272BCFEE005C2C0E /* SearchCityController.swift in Sources */ = {isa = PBXBuildFile; fileRef = C229F136272BCFEE005C2C0E /* SearchCityController.swift */; };
		C229F139272BD276005C2C0E /* Constants.swift in Sources */ = {isa = PBXBuildFile; fileRef = C229F138272BD276005C2C0E /* Constants.swift */; };
		C229F13B272C7FFB005C2C0E /* CityInfo.swift in Sources */ = {isa = PBXBuildFile; fileRef = C229F13A272C7FFB005C2C0E /* CityInfo.swift */; };
		C256C5B2272B8B12008C5237 /* AppDelegate.swift in Sources */ = {isa = PBXBuildFile; fileRef = C256C5B1272B8B12008C5237 /* AppDelegate.swift */; };
		C256C5B4272B8B12008C5237 /* SceneDelegate.swift in Sources */ = {isa = PBXBuildFile; fileRef = C256C5B3272B8B12008C5237 /* SceneDelegate.swift */; };
		C256C5B6272B8B12008C5237 /* ViewController.swift in Sources */ = {isa = PBXBuildFile; fileRef = C256C5B5272B8B12008C5237 /* ViewController.swift */; };
		C256C5B9272B8B12008C5237 /* Main.storyboard in Resources */ = {isa = PBXBuildFile; fileRef = C256C5B7272B8B12008C5237 /* Main.storyboard */; };
		C256C5BB272B8B16008C5237 /* Assets.xcassets in Resources */ = {isa = PBXBuildFile; fileRef = C256C5BA272B8B16008C5237 /* Assets.xcassets */; };
		C256C5BE272B8B16008C5237 /* LaunchScreen.storyboard in Resources */ = {isa = PBXBuildFile; fileRef = C256C5BC272B8B16008C5237 /* LaunchScreen.storyboard */; };
/* End PBXBuildFile section */

/* Begin PBXFileReference section */
		0E7EE5B5F6BC3FA16386EEAE /* Pods-WeatherApp.release.xcconfig */ = {isa = PBXFileReference; includeInIndex = 1; lastKnownFileType = text.xcconfig; name = "Pods-WeatherApp.release.xcconfig"; path = "Target Support Files/Pods-WeatherApp/Pods-WeatherApp.release.xcconfig"; sourceTree = "<group>"; };
		52BD513A1896335780EFFB2D /* Pods-WeatherApp.debug.xcconfig */ = {isa = PBXFileReference; includeInIndex = 1; lastKnownFileType = text.xcconfig; name = "Pods-WeatherApp.debug.xcconfig"; path = "Target Support Files/Pods-WeatherApp/Pods-WeatherApp.debug.xcconfig"; sourceTree = "<group>"; };
		C229F132272BA17A005C2C0E /* CurrentWeather.swift */ = {isa = PBXFileReference; lastKnownFileType = sourcecode.swift; path = CurrentWeather.swift; sourceTree = "<group>"; };
		C229F136272BCFEE005C2C0E /* SearchCityController.swift */ = {isa = PBXFileReference; lastKnownFileType = sourcecode.swift; path = SearchCityController.swift; sourceTree = "<group>"; };
		C229F138272BD276005C2C0E /* Constants.swift */ = {isa = PBXFileReference; lastKnownFileType = sourcecode.swift; path = Constants.swift; sourceTree = "<group>"; };
		C229F13A272C7FFB005C2C0E /* CityInfo.swift */ = {isa = PBXFileReference; lastKnownFileType = sourcecode.swift; path = CityInfo.swift; sourceTree = "<group>"; };
		C256C5AE272B8B12008C5237 /* WeatherApp.app */ = {isa = PBXFileReference; explicitFileType = wrapper.application; includeInIndex = 0; path = WeatherApp.app; sourceTree = BUILT_PRODUCTS_DIR; };
		C256C5B1272B8B12008C5237 /* AppDelegate.swift */ = {isa = PBXFileReference; lastKnownFileType = sourcecode.swift; path = AppDelegate.swift; sourceTree = "<group>"; };
		C256C5B3272B8B12008C5237 /* SceneDelegate.swift */ = {isa = PBXFileReference; lastKnownFileType = sourcecode.swift; path = SceneDelegate.swift; sourceTree = "<group>"; };
		C256C5B5272B8B12008C5237 /* ViewController.swift */ = {isa = PBXFileReference; lastKnownFileType = sourcecode.swift; path = ViewController.swift; sourceTree = "<group>"; };
		C256C5B8272B8B12008C5237 /* Base */ = {isa = PBXFileReference; lastKnownFileType = file.storyboard; name = Base; path = Base.lproj/Main.storyboard; sourceTree = "<group>"; };
		C256C5BA272B8B16008C5237 /* Assets.xcassets */ = {isa = PBXFileReference; lastKnownFileType = folder.assetcatalog; path = Assets.xcassets; sourceTree = "<group>"; };
		C256C5BD272B8B16008C5237 /* Base */ = {isa = PBXFileReference; lastKnownFileType = file.storyboard; name = Base; path = Base.lproj/LaunchScreen.storyboard; sourceTree = "<group>"; };
		C256C5BF272B8B16008C5237 /* Info.plist */ = {isa = PBXFileReference; lastKnownFileType = text.plist.xml; path = Info.plist; sourceTree = "<group>"; };
		C6E1D5A0981BE3A2D6AE1156 /* Pods_WeatherApp.framework */ = {isa = PBXFileReference; explicitFileType = wrapper.framework; includeInIndex = 0; path = Pods_WeatherApp.framework; sourceTree = BUILT_PRODUCTS_DIR; };
/* End PBXFileReference section */

/* Begin PBXFrameworksBuildPhase section */
		C256C5AB272B8B12008C5237 /* Frameworks */ = {
			isa = PBXFrameworksBuildPhase;
			buildActionMask = 2147483647;
			files = (
				7F6FC52F1898D774061BF099 /* Pods_WeatherApp.framework in Frameworks */,
			);
			runOnlyForDeploymentPostprocessing = 0;
		};
/* End PBXFrameworksBuildPhase section */

/* Begin PBXGroup section */
		BEFC821A26E0937B58AD2C71 /* Frameworks */ = {
			isa = PBXGroup;
			children = (
				C6E1D5A0981BE3A2D6AE1156 /* Pods_WeatherApp.framework */,
			);
			name = Frameworks;
			sourceTree = "<group>";
		};
		C229F131272BA15D005C2C0E /* Model */ = {
			isa = PBXGroup;
			children = (
				C229F132272BA17A005C2C0E /* CurrentWeather.swift */,
				C229F13A272C7FFB005C2C0E /* CityInfo.swift */,
			);
			path = Model;
			sourceTree = "<group>";
		};
		C229F134272BA1C1005C2C0E /* Controller */ = {
			isa = PBXGroup;
			children = (
				C256C5B5272B8B12008C5237 /* ViewController.swift */,
				C229F136272BCFEE005C2C0E /* SearchCityController.swift */,
				C229F138272BD276005C2C0E /* Constants.swift */,
			);
			path = Controller;
			sourceTree = "<group>";
		};
		C229F135272BA1D1005C2C0E /* View */ = {
			isa = PBXGroup;
			children = (
				C256C5B7272B8B12008C5237 /* Main.storyboard */,
			);
			path = View;
			sourceTree = "<group>";
		};
		C256C5A5272B8B12008C5237 = {
			isa = PBXGroup;
			children = (
				C256C5B0272B8B12008C5237 /* WeatherApp */,
				C256C5AF272B8B12008C5237 /* Products */,
				F198D70B2F515BC39362CAF0 /* Pods */,
				BEFC821A26E0937B58AD2C71 /* Frameworks */,
			);
			sourceTree = "<group>";
		};
		C256C5AF272B8B12008C5237 /* Products */ = {
			isa = PBXGroup;
			children = (
				C256C5AE272B8B12008C5237 /* WeatherApp.app */,
			);
			name = Products;
			sourceTree = "<group>";
		};
		C256C5B0272B8B12008C5237 /* WeatherApp */ = {
			isa = PBXGroup;
			children = (
				C229F135272BA1D1005C2C0E /* View */,
				C229F134272BA1C1005C2C0E /* Controller */,
				C229F131272BA15D005C2C0E /* Model */,
				C256C5B1272B8B12008C5237 /* AppDelegate.swift */,
				C256C5B3272B8B12008C5237 /* SceneDelegate.swift */,
				C256C5BA272B8B16008C5237 /* Assets.xcassets */,
				C256C5BC272B8B16008C5237 /* LaunchScreen.storyboard */,
				C256C5BF272B8B16008C5237 /* Info.plist */,
			);
			path = WeatherApp;
			sourceTree = "<group>";
		};
		F198D70B2F515BC39362CAF0 /* Pods */ = {
			isa = PBXGroup;
			children = (
				52BD513A1896335780EFFB2D /* Pods-WeatherApp.debug.xcconfig */,
				0E7EE5B5F6BC3FA16386EEAE /* Pods-WeatherApp.release.xcconfig */,
			);
			path = Pods;
			sourceTree = "<group>";
		};
/* End PBXGroup section */

/* Begin PBXNativeTarget section */
		C256C5AD272B8B12008C5237 /* WeatherApp */ = {
			isa = PBXNativeTarget;
			buildConfigurationList = C256C5C2272B8B16008C5237 /* Build configuration list for PBXNativeTarget "WeatherApp" */;
			buildPhases = (
				6A589A9C1871B5777E18114A /* [CP] Check Pods Manifest.lock */,
				C256C5AA272B8B12008C5237 /* Sources */,
				C256C5AB272B8B12008C5237 /* Frameworks */,
				C256C5AC272B8B12008C5237 /* Resources */,
				F9DBFB640EBFA7AE57D388A0 /* [CP] Embed Pods Frameworks */,
			);
			buildRules = (
			);
			dependencies = (
			);
			name = WeatherApp;
			productName = WeatherApp;
			productReference = C256C5AE272B8B12008C5237 /* WeatherApp.app */;
			productType = "com.apple.product-type.application";
		};
/* End PBXNativeTarget section */

/* Begin PBXProject section */
		C256C5A6272B8B12008C5237 /* Project object */ = {
			isa = PBXProject;
			attributes = {
				LastSwiftUpdateCheck = 1250;
				LastUpgradeCheck = 1250;
				TargetAttributes = {
					C256C5AD272B8B12008C5237 = {
						CreatedOnToolsVersion = 12.5.1;
					};
				};
			};
			buildConfigurationList = C256C5A9272B8B12008C5237 /* Build configuration list for PBXProject "WeatherApp" */;
			compatibilityVersion = "Xcode 9.3";
			developmentRegion = en;
			hasScannedForEncodings = 0;
			knownRegions = (
				en,
				Base,
			);
			mainGroup = C256C5A5272B8B12008C5237;
			productRefGroup = C256C5AF272B8B12008C5237 /* Products */;
			projectDirPath = "";
			projectRoot = "";
			targets = (
				C256C5AD272B8B12008C5237 /* WeatherApp */,
			);
		};
/* End PBXProject section */

/* Begin PBXResourcesBuildPhase section */
		C256C5AC272B8B12008C5237 /* Resources */ = {
			isa = PBXResourcesBuildPhase;
			buildActionMask = 2147483647;
			files = (
				C256C5BE272B8B16008C5237 /* LaunchScreen.storyboard in Resources */,
				C256C5BB272B8B16008C5237 /* Assets.xcassets in Resources */,
				C256C5B9272B8B12008C5237 /* Main.storyboard in Resources */,
			);
			runOnlyForDeploymentPostprocessing = 0;
		};
/* End PBXResourcesBuildPhase section */

/* Begin PBXShellScriptBuildPhase section */
		6A589A9C1871B5777E18114A /* [CP] Check Pods Manifest.lock */ = {
			isa = PBXShellScriptBuildPhase;
			buildActionMask = 2147483647;
			files = (
			);
			inputFileListPaths = (
			);
			inputPaths = (
				"${PODS_PODFILE_DIR_PATH}/Podfile.lock",
				"${PODS_ROOT}/Manifest.lock",
			);
			name = "[CP] Check Pods Manifest.lock";
			outputFileListPaths = (
			);
			outputPaths = (
				"$(DERIVED_FILE_DIR)/Pods-WeatherApp-checkManifestLockResult.txt",
			);
			runOnlyForDeploymentPostprocessing = 0;
			shellPath = /bin/sh;
			shellScript = "diff \"${PODS_PODFILE_DIR_PATH}/Podfile.lock\" \"${PODS_ROOT}/Manifest.lock\" > /dev/null\nif [ $? != 0 ] ; then\n    # print error to STDERR\n    echo \"error: The sandbox is not in sync with the Podfile.lock. Run 'pod install' or update your CocoaPods installation.\" >&2\n    exit 1\nfi\n# This output is used by Xcode 'outputs' to avoid re-running this script phase.\necho \"SUCCESS\" > \"${SCRIPT_OUTPUT_FILE_0}\"\n";
			showEnvVarsInLog = 0;
		};
		F9DBFB640EBFA7AE57D388A0 /* [CP] Embed Pods Frameworks */ = {
			isa = PBXShellScriptBuildPhase;
			buildActionMask = 2147483647;
			files = (
			);
			inputFileListPaths = (
				"${PODS_ROOT}/Target Support Files/Pods-WeatherApp/Pods-WeatherApp-frameworks-${CONFIGURATION}-input-files.xcfilelist",
			);
			name = "[CP] Embed Pods Frameworks";
			outputFileListPaths = (
				"${PODS_ROOT}/Target Support Files/Pods-WeatherApp/Pods-WeatherApp-frameworks-${CONFIGURATION}-output-files.xcfilelist",
			);
			runOnlyForDeploymentPostprocessing = 0;
			shellPath = /bin/sh;
			shellScript = "\"${PODS_ROOT}/Target Support Files/Pods-WeatherApp/Pods-WeatherApp-frameworks.sh\"\n";
			showEnvVarsInLog = 0;
		};
/* End PBXShellScriptBuildPhase section */

/* Begin PBXSourcesBuildPhase section */
		C256C5AA272B8B12008C5237 /* Sources */ = {
			isa = PBXSourcesBuildPhase;
			buildActionMask = 2147483647;
			files = (
				C256C5B6272B8B12008C5237 /* ViewController.swift in Sources */,
				C256C5B2272B8B12008C5237 /* AppDelegate.swift in Sources */,
				C229F133272BA17A005C2C0E /* CurrentWeather.swift in Sources */,
				C256C5B4272B8B12008C5237 /* SceneDelegate.swift in Sources */,
				C229F13B272C7FFB005C2C0E /* CityInfo.swift in Sources */,
				C229F137272BCFEE005C2C0E /* SearchCityController.swift in Sources */,
				C229F139272BD276005C2C0E /* Constants.swift in Sources */,
			);
			runOnlyForDeploymentPostprocessing = 0;
		};
/* End PBXSourcesBuildPhase section */

/* Begin PBXVariantGroup section */
		C256C5B7272B8B12008C5237 /* Main.storyboard */ = {
			isa = PBXVariantGroup;
			children = (
				C256C5B8272B8B12008C5237 /* Base */,
			);
			name = Main.storyboard;
			sourceTree = "<group>";
		};
		C256C5BC272B8B16008C5237 /* LaunchScreen.storyboard */ = {
			isa = PBXVariantGroup;
			children = (
				C256C5BD272B8B16008C5237 /* Base */,
			);
			name = LaunchScreen.storyboard;
			sourceTree = "<group>";
		};
/* End PBXVariantGroup section */

/* Begin XCBuildConfiguration section */
		C256C5C0272B8B16008C5237 /* Debug */ = {
			isa = XCBuildConfiguration;
			buildSettings = {
				ALWAYS_SEARCH_USER_PATHS = NO;
				CLANG_ANALYZER_NONNULL = YES;
				CLANG_ANALYZER_NUMBER_OBJECT_CONVERSION = YES_AGGRESSIVE;
				CLANG_CXX_LANGUAGE_STANDARD = "gnu++14";
				CLANG_CXX_LIBRARY = "libc++";
				CLANG_ENABLE_MODULES = YES;
				CLANG_ENABLE_OBJC_ARC = YES;
				CLANG_ENABLE_OBJC_WEAK = YES;
				CLANG_WARN_BLOCK_CAPTURE_AUTORELEASING = YES;
				CLANG_WARN_BOOL_CONVERSION = YES;
				CLANG_WARN_COMMA = YES;
				CLANG_WARN_CONSTANT_CONVERSION = YES;
				CLANG_WARN_DEPRECATED_OBJC_IMPLEMENTATIONS = YES;
				CLANG_WARN_DIRECT_OBJC_ISA_USAGE = YES_ERROR;
				CLANG_WARN_DOCUMENTATION_COMMENTS = YES;
				CLANG_WARN_EMPTY_BODY = YES;
				CLANG_WARN_ENUM_CONVERSION = YES;
				CLANG_WARN_INFINITE_RECURSION = YES;
				CLANG_WARN_INT_CONVERSION = YES;
				CLANG_WARN_NON_LITERAL_NULL_CONVERSION = YES;
				CLANG_WARN_OBJC_IMPLICIT_RETAIN_SELF = YES;
				CLANG_WARN_OBJC_LITERAL_CONVERSION = YES;
				CLANG_WARN_OBJC_ROOT_CLASS = YES_ERROR;
				CLANG_WARN_QUOTED_INCLUDE_IN_FRAMEWORK_HEADER = YES;
				CLANG_WARN_RANGE_LOOP_ANALYSIS = YES;
				CLANG_WARN_STRICT_PROTOTYPES = YES;
				CLANG_WARN_SUSPICIOUS_MOVE = YES;
				CLANG_WARN_UNGUARDED_AVAILABILITY = YES_AGGRESSIVE;
				CLANG_WARN_UNREACHABLE_CODE = YES;
				CLANG_WARN__DUPLICATE_METHOD_MATCH = YES;
				COPY_PHASE_STRIP = NO;
				DEBUG_INFORMATION_FORMAT = dwarf;
				ENABLE_STRICT_OBJC_MSGSEND = YES;
				ENABLE_TESTABILITY = YES;
				GCC_C_LANGUAGE_STANDARD = gnu11;
				GCC_DYNAMIC_NO_PIC = NO;
				GCC_NO_COMMON_BLOCKS = YES;
				GCC_OPTIMIZATION_LEVEL = 0;
				GCC_PREPROCESSOR_DEFINITIONS = (
					"DEBUG=1",
					"$(inherited)",
				);
				GCC_WARN_64_TO_32_BIT_CONVERSION = YES;
				GCC_WARN_ABOUT_RETURN_TYPE = YES_ERROR;
				GCC_WARN_UNDECLARED_SELECTOR = YES;
				GCC_WARN_UNINITIALIZED_AUTOS = YES_AGGRESSIVE;
				GCC_WARN_UNUSED_FUNCTION = YES;
				GCC_WARN_UNUSED_VARIABLE = YES;
				IPHONEOS_DEPLOYMENT_TARGET = 14.5;
				MTL_ENABLE_DEBUG_INFO = INCLUDE_SOURCE;
				MTL_FAST_MATH = YES;
				ONLY_ACTIVE_ARCH = YES;
				SDKROOT = iphoneos;
				SWIFT_ACTIVE_COMPILATION_CONDITIONS = DEBUG;
				SWIFT_OPTIMIZATION_LEVEL = "-Onone";
			};
			name = Debug;
		};
		C256C5C1272B8B16008C5237 /* Release */ = {
			isa = XCBuildConfiguration;
			buildSettings = {
				ALWAYS_SEARCH_USER_PATHS = NO;
				CLANG_ANALYZER_NONNULL = YES;
				CLANG_ANALYZER_NUMBER_OBJECT_CONVERSION = YES_AGGRESSIVE;
				CLANG_CXX_LANGUAGE_STANDARD = "gnu++14";
				CLANG_CXX_LIBRARY = "libc++";
				CLANG_ENABLE_MODULES = YES;
				CLANG_ENABLE_OBJC_ARC = YES;
				CLANG_ENABLE_OBJC_WEAK = YES;
				CLANG_WARN_BLOCK_CAPTURE_AUTORELEASING = YES;
				CLANG_WARN_BOOL_CONVERSION = YES;
				CLANG_WARN_COMMA = YES;
				CLANG_WARN_CONSTANT_CONVERSION = YES;
				CLANG_WARN_DEPRECATED_OBJC_IMPLEMENTATIONS = YES;
				CLANG_WARN_DIRECT_OBJC_ISA_USAGE = YES_ERROR;
				CLANG_WARN_DOCUMENTATION_COMMENTS = YES;
				CLANG_WARN_EMPTY_BODY = YES;
				CLANG_WARN_ENUM_CONVERSION = YES;
				CLANG_WARN_INFINITE_RECURSION = YES;
				CLANG_WARN_INT_CONVERSION = YES;
				CLANG_WARN_NON_LITERAL_NULL_CONVERSION = YES;
				CLANG_WARN_OBJC_IMPLICIT_RETAIN_SELF = YES;
				CLANG_WARN_OBJC_LITERAL_CONVERSION = YES;
				CLANG_WARN_OBJC_ROOT_CLASS = YES_ERROR;
				CLANG_WARN_QUOTED_INCLUDE_IN_FRAMEWORK_HEADER = YES;
				CLANG_WARN_RANGE_LOOP_ANALYSIS = YES;
				CLANG_WARN_STRICT_PROTOTYPES = YES;
				CLANG_WARN_SUSPICIOUS_MOVE = YES;
				CLANG_WARN_UNGUARDED_AVAILABILITY = YES_AGGRESSIVE;
				CLANG_WARN_UNREACHABLE_CODE = YES;
				CLANG_WARN__DUPLICATE_METHOD_MATCH = YES;
				COPY_PHASE_STRIP = NO;
				DEBUG_INFORMATION_FORMAT = "dwarf-with-dsym";
				ENABLE_NS_ASSERTIONS = NO;
				ENABLE_STRICT_OBJC_MSGSEND = YES;
				GCC_C_LANGUAGE_STANDARD = gnu11;
				GCC_NO_COMMON_BLOCKS = YES;
				GCC_WARN_64_TO_32_BIT_CONVERSION = YES;
				GCC_WARN_ABOUT_RETURN_TYPE = YES_ERROR;
				GCC_WARN_UNDECLARED_SELECTOR = YES;
				GCC_WARN_UNINITIALIZED_AUTOS = YES_AGGRESSIVE;
				GCC_WARN_UNUSED_FUNCTION = YES;
				GCC_WARN_UNUSED_VARIABLE = YES;
				IPHONEOS_DEPLOYMENT_TARGET = 14.5;
				MTL_ENABLE_DEBUG_INFO = NO;
				MTL_FAST_MATH = YES;
				SDKROOT = iphoneos;
				SWIFT_COMPILATION_MODE = wholemodule;
				SWIFT_OPTIMIZATION_LEVEL = "-O";
				VALIDATE_PRODUCT = YES;
			};
			name = Release;
		};
		C256C5C3272B8B16008C5237 /* Debug */ = {
			isa = XCBuildConfiguration;
			baseConfigurationReference = 52BD513A1896335780EFFB2D /* Pods-WeatherApp.debug.xcconfig */;
			buildSettings = {
				ASSETCATALOG_COMPILER_APPICON_NAME = AppIcon;
				ASSETCATALOG_COMPILER_GLOBAL_ACCENT_COLOR_NAME = AccentColor;
				CODE_SIGN_STYLE = Automatic;
				INFOPLIST_FILE = WeatherApp/Info.plist;
				LD_RUNPATH_SEARCH_PATHS = (
					"$(inherited)",
					"@executable_path/Frameworks",
				);
				PRODUCT_BUNDLE_IDENTIFIER = edu.northeastern.archwu.WeatherApp;
				PRODUCT_NAME = "$(TARGET_NAME)";
				SWIFT_VERSION = 5.0;
				TARGETED_DEVICE_FAMILY = "1,2";
			};
			name = Debug;
		};
		C256C5C4272B8B16008C5237 /* Release */ = {
			isa = XCBuildConfiguration;
			baseConfigurationReference = 0E7EE5B5F6BC3FA16386EEAE /* Pods-WeatherApp.release.xcconfig */;
			buildSettings = {
				ASSETCATALOG_COMPILER_APPICON_NAME = AppIcon;
				ASSETCATALOG_COMPILER_GLOBAL_ACCENT_COLOR_NAME = AccentColor;
				CODE_SIGN_STYLE = Automatic;
				INFOPLIST_FILE = WeatherApp/Info.plist;
				LD_RUNPATH_SEARCH_PATHS = (
					"$(inherited)",
					"@executable_path/Frameworks",
				);
				PRODUCT_BUNDLE_IDENTIFIER = edu.northeastern.archwu.WeatherApp;
				PRODUCT_NAME = "$(TARGET_NAME)";
				SWIFT_VERSION = 5.0;
				TARGETED_DEVICE_FAMILY = "1,2";
			};
			name = Release;
		};
/* End XCBuildConfiguration section */

/* Begin XCConfigurationList section */
		C256C5A9272B8B12008C5237 /* Build configuration list for PBXProject "WeatherApp" */ = {
			isa = XCConfigurationList;
			buildConfigurations = (
				C256C5C0272B8B16008C5237 /* Debug */,
				C256C5C1272B8B16008C5237 /* Release */,
			);
			defaultConfigurationIsVisible = 0;
			defaultConfigurationName = Release;
		};
		C256C5C2272B8B16008C5237 /* Build configuration list for PBXNativeTarget "WeatherApp" */ = {
			isa = XCConfigurationList;
			buildConfigurations = (
				C256C5C3272B8B16008C5237 /* Debug */,
				C256C5C4272B8B16008C5237 /* Release */,
			);
			defaultConfigurationIsVisible = 0;
			defaultConfigurationName = Release;
		};
/* End XCConfigurationList section */
	};
	rootObject = C256C5A6272B8B12008C5237 /* Project object */;
}
